
Microsoft Visual Studio Solution File, Format Version 12.00
# Visual Studio Version 16
VisualStudioVersion = 16.0.31424.327
MinimumVisualStudioVersion = 10.0.40219.1
Project("{FAE04EC0-301F-11D3-BF4B-00C04F79EFBC}") = "Exercise2", "Exercise2\Exercise2.csproj", "{369436F0-A34D-4CFA-88C9-03ED06B0E061}"
EndProject
Global
	GlobalSection(SolutionConfigurationPlatforms) = preSolution
		Debug|Any CPU = Debug|Any CPU
		Release|Any CPU = Release|Any CPU
	EndGlobalSection
	GlobalSection(ProjectConfigurationPlatforms) = postSolution
		{369436F0-A34D-4CFA-88C9-03ED06B0E061}.Debug|Any CPU.ActiveCfg = Debug|Any CPU
		{369436F0-A34D-4CFA-88C9-03ED06B0E061}.Debug|Any CPU.Build.0 = Debug|Any CPU
		{369436F0-A34D-4CFA-88C9-03ED06B0E061}.Release|Any CPU.ActiveCfg = Release|Any CPU
		{369436F0-A34D-4CFA-88C9-03ED06B0E061}.Release|Any CPU.Build.0 = Release|Any CPU
	EndGlobalSection
	GlobalSection(SolutionProperties) = preSolution
		HideSolutionNode = FALSE
	EndGlobalSection
	GlobalSection(ExtensibilityGlobals) = postSolution
		SolutionGuid = {D5F64210-8C1D-4377-B460-513AA0FAD606}
	EndGlobalSection
EndGlobal
