
Microsoft Visual Studio Solution File, Format Version 12.00
# Visual Studio Version 16
VisualStudioVersion = 16.0.31424.327
MinimumVisualStudioVersion = 10.0.40219.1
Project("{FAE04EC0-301F-11D3-BF4B-00C04F79EFBC}") = "Exercise9", "Exercise9\Exercise9.csproj", "{AAE91AE5-E3E5-487E-9C5E-8AAFA5F05AC1}"
EndProject
Global
	GlobalSection(SolutionConfigurationPlatforms) = preSolution
		Debug|Any CPU = Debug|Any CPU
		Release|Any CPU = Release|Any CPU
	EndGlobalSection
	GlobalSection(ProjectConfigurationPlatforms) = postSolution
		{AAE91AE5-E3E5-487E-9C5E-8AAFA5F05AC1}.Debug|Any CPU.ActiveCfg = Debug|Any CPU
		{AAE91AE5-E3E5-487E-9C5E-8AAFA5F05AC1}.Debug|Any CPU.Build.0 = Debug|Any CPU
		{AAE91AE5-E3E5-487E-9C5E-8AAFA5F05AC1}.Release|Any CPU.ActiveCfg = Release|Any CPU
		{AAE91AE5-E3E5-487E-9C5E-8AAFA5F05AC1}.Release|Any CPU.Build.0 = Release|Any CPU
	EndGlobalSection
	GlobalSection(SolutionProperties) = preSolution
		HideSolutionNode = FALSE
	EndGlobalSection
	GlobalSection(ExtensibilityGlobals) = postSolution
		SolutionGuid = {1524ABF6-B65B-4558-8ECB-E64BA6C054EE}
	EndGlobalSection
EndGlobal
