
Microsoft Visual Studio Solution File, Format Version 12.00
# Visual Studio Version 16
VisualStudioVersion = 16.0.31424.327
MinimumVisualStudioVersion = 10.0.40219.1
Project("{FAE04EC0-301F-11D3-BF4B-00C04F79EFBC}") = "Exercise1", "Exercise1\Exercise1.csproj", "{DD167CB4-C98D-4BE1-A440-DDBED2EB2957}"
EndProject
Global
	GlobalSection(SolutionConfigurationPlatforms) = preSolution
		Debug|Any CPU = Debug|Any CPU
		Release|Any CPU = Release|Any CPU
	EndGlobalSection
	GlobalSection(ProjectConfigurationPlatforms) = postSolution
		{DD167CB4-C98D-4BE1-A440-DDBED2EB2957}.Debug|Any CPU.ActiveCfg = Debug|Any CPU
		{DD167CB4-C98D-4BE1-A440-DDBED2EB2957}.Debug|Any CPU.Build.0 = Debug|Any CPU
		{DD167CB4-C98D-4BE1-A440-DDBED2EB2957}.Release|Any CPU.ActiveCfg = Release|Any CPU
		{DD167CB4-C98D-4BE1-A440-DDBED2EB2957}.Release|Any CPU.Build.0 = Release|Any CPU
	EndGlobalSection
	GlobalSection(SolutionProperties) = preSolution
		HideSolutionNode = FALSE
	EndGlobalSection
	GlobalSection(ExtensibilityGlobals) = postSolution
		SolutionGuid = {26CBE58C-E681-40A8-8319-EB8D09B6B326}
	EndGlobalSection
EndGlobal
