
Microsoft Visual Studio Solution File, Format Version 12.00
# Visual Studio Version 16
VisualStudioVersion = 16.0.31424.327
MinimumVisualStudioVersion = 10.0.40219.1
Project("{FAE04EC0-301F-11D3-BF4B-00C04F79EFBC}") = "Exercise8", "Exercise8\Exercise8.csproj", "{EE9EA64A-EABF-4271-A909-315A814A31B9}"
EndProject
Global
	GlobalSection(SolutionConfigurationPlatforms) = preSolution
		Debug|Any CPU = Debug|Any CPU
		Release|Any CPU = Release|Any CPU
	EndGlobalSection
	GlobalSection(ProjectConfigurationPlatforms) = postSolution
		{EE9EA64A-EABF-4271-A909-315A814A31B9}.Debug|Any CPU.ActiveCfg = Debug|Any CPU
		{EE9EA64A-EABF-4271-A909-315A814A31B9}.Debug|Any CPU.Build.0 = Debug|Any CPU
		{EE9EA64A-EABF-4271-A909-315A814A31B9}.Release|Any CPU.ActiveCfg = Release|Any CPU
		{EE9EA64A-EABF-4271-A909-315A814A31B9}.Release|Any CPU.Build.0 = Release|Any CPU
	EndGlobalSection
	GlobalSection(SolutionProperties) = preSolution
		HideSolutionNode = FALSE
	EndGlobalSection
	GlobalSection(ExtensibilityGlobals) = postSolution
		SolutionGuid = {4420FA52-C7F0-4531-B4AF-81E0DF8A249D}
	EndGlobalSection
EndGlobal
