
Microsoft Visual Studio Solution File, Format Version 12.00
# Visual Studio Version 16
VisualStudioVersion = 16.0.31424.327
MinimumVisualStudioVersion = 10.0.40219.1
Project("{FAE04EC0-301F-11D3-BF4B-00C04F79EFBC}") = "Exercise5", "Exercise5\Exercise5.csproj", "{4BB3EB3B-EA57-46DB-B131-9135E992A170}"
EndProject
Global
	GlobalSection(SolutionConfigurationPlatforms) = preSolution
		Debug|Any CPU = Debug|Any CPU
		Release|Any CPU = Release|Any CPU
	EndGlobalSection
	GlobalSection(ProjectConfigurationPlatforms) = postSolution
		{4BB3EB3B-EA57-46DB-B131-9135E992A170}.Debug|Any CPU.ActiveCfg = Debug|Any CPU
		{4BB3EB3B-EA57-46DB-B131-9135E992A170}.Debug|Any CPU.Build.0 = Debug|Any CPU
		{4BB3EB3B-EA57-46DB-B131-9135E992A170}.Release|Any CPU.ActiveCfg = Release|Any CPU
		{4BB3EB3B-EA57-46DB-B131-9135E992A170}.Release|Any CPU.Build.0 = Release|Any CPU
	EndGlobalSection
	GlobalSection(SolutionProperties) = preSolution
		HideSolutionNode = FALSE
	EndGlobalSection
	GlobalSection(ExtensibilityGlobals) = postSolution
		SolutionGuid = {4A787B00-1ACA-46ED-84F6-77899AD60CC3}
	EndGlobalSection
EndGlobal
