
Microsoft Visual Studio Solution File, Format Version 12.00
# Visual Studio Version 16
VisualStudioVersion = 16.0.31424.327
MinimumVisualStudioVersion = 10.0.40219.1
Project("{FAE04EC0-301F-11D3-BF4B-00C04F79EFBC}") = "Exercise6", "Exercise6\Exercise6.csproj", "{971E1FB2-BFFA-4D4B-80E9-4AD0A54C4685}"
EndProject
Global
	GlobalSection(SolutionConfigurationPlatforms) = preSolution
		Debug|Any CPU = Debug|Any CPU
		Release|Any CPU = Release|Any CPU
	EndGlobalSection
	GlobalSection(ProjectConfigurationPlatforms) = postSolution
		{971E1FB2-BFFA-4D4B-80E9-4AD0A54C4685}.Debug|Any CPU.ActiveCfg = Debug|Any CPU
		{971E1FB2-BFFA-4D4B-80E9-4AD0A54C4685}.Debug|Any CPU.Build.0 = Debug|Any CPU
		{971E1FB2-BFFA-4D4B-80E9-4AD0A54C4685}.Release|Any CPU.ActiveCfg = Release|Any CPU
		{971E1FB2-BFFA-4D4B-80E9-4AD0A54C4685}.Release|Any CPU.Build.0 = Release|Any CPU
	EndGlobalSection
	GlobalSection(SolutionProperties) = preSolution
		HideSolutionNode = FALSE
	EndGlobalSection
	GlobalSection(ExtensibilityGlobals) = postSolution
		SolutionGuid = {6C3FF162-02E2-4531-BBAC-E8E34BD0C5AB}
	EndGlobalSection
EndGlobal
