
Microsoft Visual Studio Solution File, Format Version 12.00
# Visual Studio Version 16
VisualStudioVersion = 16.0.31424.327
MinimumVisualStudioVersion = 10.0.40219.1
Project("{FAE04EC0-301F-11D3-BF4B-00C04F79EFBC}") = "Exercise9", "Exercise9\Exercise9.csproj", "{0522B372-B50C-4507-97DB-2AA8FF23CFAD}"
EndProject
Global
	GlobalSection(SolutionConfigurationPlatforms) = preSolution
		Debug|Any CPU = Debug|Any CPU
		Release|Any CPU = Release|Any CPU
	EndGlobalSection
	GlobalSection(ProjectConfigurationPlatforms) = postSolution
		{0522B372-B50C-4507-97DB-2AA8FF23CFAD}.Debug|Any CPU.ActiveCfg = Debug|Any CPU
		{0522B372-B50C-4507-97DB-2AA8FF23CFAD}.Debug|Any CPU.Build.0 = Debug|Any CPU
		{0522B372-B50C-4507-97DB-2AA8FF23CFAD}.Release|Any CPU.ActiveCfg = Release|Any CPU
		{0522B372-B50C-4507-97DB-2AA8FF23CFAD}.Release|Any CPU.Build.0 = Release|Any CPU
	EndGlobalSection
	GlobalSection(SolutionProperties) = preSolution
		HideSolutionNode = FALSE
	EndGlobalSection
	GlobalSection(ExtensibilityGlobals) = postSolution
		SolutionGuid = {9776DDE8-77D1-44C4-9B7D-504BF787174A}
	EndGlobalSection
EndGlobal
